
Microsoft Visual Studio Solution File, Format Version 12.00
# Visual Studio Version 17
VisualStudioVersion = 17.6.33815.320
MinimumVisualStudioVersion = 10.0.40219.1
Project("{8BC9CEB8-8B4A-11D0-8D11-00A0C91BC942}") = "GameEngine", "GameEngine\GameEngine.vcxproj", "{AC43BFA3-521D-4F18-888F-D16DF301DF37}"
	ProjectSection(ProjectDependencies) = postProject
		{67AE3BB1-6A87-45DC-B84F-FF9AAD36C2CC} = {67AE3BB1-6A87-45DC-B84F-FF9AAD36C2CC}
		{F41862FD-4FEF-4217-AB97-B8AD998406BA} = {F41862FD-4FEF-4217-AB97-B8AD998406BA}
	EndProjectSection
EndProject
Project("{8BC9CEB8-8B4A-11D0-8D11-00A0C91BC942}") = "Math", "Math\Math.vcxproj", "{67AE3BB1-6A87-45DC-B84F-FF9AAD36C2CC}"
EndProject
Project("{8BC9CEB8-8B4A-11D0-8D11-00A0C91BC942}") = "Physics", "Physics\Physics.vcxproj", "{F41862FD-4FEF-4217-AB97-B8AD998406BA}"
	ProjectSection(ProjectDependencies) = postProject
		{67AE3BB1-6A87-45DC-B84F-FF9AAD36C2CC} = {67AE3BB1-6A87-45DC-B84F-FF9AAD36C2CC}
	EndProjectSection
EndProject
Project("{8BC9CEB8-8B4A-11D0-8D11-00A0C91BC942}") = "PhysicsDemo", "PhysicsDemo\PhysicsDemo.vcxproj", "{DB3ADD96-AF80-46A0-BE36-38E1C8B7CC6D}"
	ProjectSection(ProjectDependencies) = postProject
		{67AE3BB1-6A87-45DC-B84F-FF9AAD36C2CC} = {67AE3BB1-6A87-45DC-B84F-FF9AAD36C2CC}
		{AC43BFA3-521D-4F18-888F-D16DF301DF37} = {AC43BFA3-521D-4F18-888F-D16DF301DF37}
		{F41862FD-4FEF-4217-AB97-B8AD998406BA} = {F41862FD-4FEF-4217-AB97-B8AD998406BA}
	EndProjectSection
EndProject
Global
	GlobalSection(SolutionConfigurationPlatforms) = preSolution
		Debug|x64 = Debug|x64
		Debug|x86 = Debug|x86
		Release|x64 = Release|x64
		Release|x86 = Release|x86
	EndGlobalSection
	GlobalSection(ProjectConfigurationPlatforms) = postSolution
		{AC43BFA3-521D-4F18-888F-D16DF301DF37}.Debug|x64.ActiveCfg = Debug|x64
		{AC43BFA3-521D-4F18-888F-D16DF301DF37}.Debug|x64.Build.0 = Debug|x64
		{AC43BFA3-521D-4F18-888F-D16DF301DF37}.Debug|x86.ActiveCfg = Debug|Win32
		{AC43BFA3-521D-4F18-888F-D16DF301DF37}.Debug|x86.Build.0 = Debug|Win32
		{AC43BFA3-521D-4F18-888F-D16DF301DF37}.Release|x64.ActiveCfg = Release|x64
		{AC43BFA3-521D-4F18-888F-D16DF301DF37}.Release|x64.Build.0 = Release|x64
		{AC43BFA3-521D-4F18-888F-D16DF301DF37}.Release|x86.ActiveCfg = Release|Win32
		{AC43BFA3-521D-4F18-888F-D16DF301DF37}.Release|x86.Build.0 = Release|Win32
		{67AE3BB1-6A87-45DC-B84F-FF9AAD36C2CC}.Debug|x64.ActiveCfg = Debug|x64
		{67AE3BB1-6A87-45DC-B84F-FF9AAD36C2CC}.Debug|x64.Build.0 = Debug|x64
		{67AE3BB1-6A87-45DC-B84F-FF9AAD36C2CC}.Debug|x86.ActiveCfg = Debug|Win32
		{67AE3BB1-6A87-45DC-B84F-FF9AAD36C2CC}.Debug|x86.Build.0 = Debug|Win32
		{67AE3BB1-6A87-45DC-B84F-FF9AAD36C2CC}.Release|x64.ActiveCfg = Release|x64
		{67AE3BB1-6A87-45DC-B84F-FF9AAD36C2CC}.Release|x64.Build.0 = Release|x64
		{67AE3BB1-6A87-45DC-B84F-FF9AAD36C2CC}.Release|x86.ActiveCfg = Release|Win32
		{67AE3BB1-6A87-45DC-B84F-FF9AAD36C2CC}.Release|x86.Build.0 = Release|Win32
		{F41862FD-4FEF-4217-AB97-B8AD998406BA}.Debug|x64.ActiveCfg = Debug|x64
		{F41862FD-4FEF-4217-AB97-B8AD998406BA}.Debug|x64.Build.0 = Debug|x64
		{F41862FD-4FEF-4217-AB97-B8AD998406BA}.Debug|x86.ActiveCfg = Debug|Win32
		{F41862FD-4FEF-4217-AB97-B8AD998406BA}.Debug|x86.Build.0 = Debug|Win32
		{F41862FD-4FEF-4217-AB97-B8AD998406BA}.Release|x64.ActiveCfg = Release|x64
		{F41862FD-4FEF-4217-AB97-B8AD998406BA}.Release|x64.Build.0 = Release|x64
		{F41862FD-4FEF-4217-AB97-B8AD998406BA}.Release|x86.ActiveCfg = Release|Win32
		{F41862FD-4FEF-4217-AB97-B8AD998406BA}.Release|x86.Build.0 = Release|Win32
		{DB3ADD96-AF80-46A0-BE36-38E1C8B7CC6D}.Debug|x64.ActiveCfg = Debug|x64
		{DB3ADD96-AF80-46A0-BE36-38E1C8B7CC6D}.Debug|x64.Build.0 = Debug|x64
		{DB3ADD96-AF80-46A0-BE36-38E1C8B7CC6D}.Debug|x86.ActiveCfg = Debug|Win32
		{DB3ADD96-AF80-46A0-BE36-38E1C8B7CC6D}.Debug|x86.Build.0 = Debug|Win32
		{DB3ADD96-AF80-46A0-BE36-38E1C8B7CC6D}.Release|x64.ActiveCfg = Release|x64
		{DB3ADD96-AF80-46A0-BE36-38E1C8B7CC6D}.Release|x64.Build.0 = Release|x64
		{DB3ADD96-AF80-46A0-BE36-38E1C8B7CC6D}.Release|x86.ActiveCfg = Release|Win32
		{DB3ADD96-AF80-46A0-BE36-38E1C8B7CC6D}.Release|x86.Build.0 = Release|Win32
	EndGlobalSection
	GlobalSection(SolutionProperties) = preSolution
		HideSolutionNode = FALSE
	EndGlobalSection
	GlobalSection(ExtensibilityGlobals) = postSolution
		SolutionGuid = {FEACA63E-BF8F-43A8-80BA-D86CA32858ED}
	EndGlobalSection
EndGlobal
