
Microsoft Visual Studio Solution File, Format Version 12.00
# Visual Studio Version 17
VisualStudioVersion = 17.6.33815.320
MinimumVisualStudioVersion = 10.0.40219.1
Project("{8BC9CEB8-8B4A-11D0-8D11-00A0C91BC942}") = "D2Dimgui", "D2Dimgui\D2Dimgui.vcxproj", "{E6F8AD86-0926-43D9-89AC-7C769704D0DC}"
EndProject
Project("{8BC9CEB8-8B4A-11D0-8D11-00A0C91BC942}") = "ToolDemo", "ToolDemo\ToolDemo.vcxproj", "{6F83D939-A9D1-4A7B-9828-816B21DED485}"
EndProject
Project("{8BC9CEB8-8B4A-11D0-8D11-00A0C91BC942}") = "Math", "Math\Math.vcxproj", "{67AE3BB1-6A87-45DC-B84F-FF9AAD36C2CC}"
EndProject
Global
	GlobalSection(SolutionConfigurationPlatforms) = preSolution
		Debug|x64 = Debug|x64
		Debug|x86 = Debug|x86
		Release|x64 = Release|x64
		Release|x86 = Release|x86
	EndGlobalSection
	GlobalSection(ProjectConfigurationPlatforms) = postSolution
		{E6F8AD86-0926-43D9-89AC-7C769704D0DC}.Debug|x64.ActiveCfg = Debug|x64
		{E6F8AD86-0926-43D9-89AC-7C769704D0DC}.Debug|x64.Build.0 = Debug|x64
		{E6F8AD86-0926-43D9-89AC-7C769704D0DC}.Debug|x86.ActiveCfg = Debug|Win32
		{E6F8AD86-0926-43D9-89AC-7C769704D0DC}.Debug|x86.Build.0 = Debug|Win32
		{E6F8AD86-0926-43D9-89AC-7C769704D0DC}.Release|x64.ActiveCfg = Release|x64
		{E6F8AD86-0926-43D9-89AC-7C769704D0DC}.Release|x64.Build.0 = Release|x64
		{E6F8AD86-0926-43D9-89AC-7C769704D0DC}.Release|x86.ActiveCfg = Release|Win32
		{E6F8AD86-0926-43D9-89AC-7C769704D0DC}.Release|x86.Build.0 = Release|Win32
		{6F83D939-A9D1-4A7B-9828-816B21DED485}.Debug|x64.ActiveCfg = Debug|x64
		{6F83D939-A9D1-4A7B-9828-816B21DED485}.Debug|x64.Build.0 = Debug|x64
		{6F83D939-A9D1-4A7B-9828-816B21DED485}.Debug|x86.ActiveCfg = Debug|Win32
		{6F83D939-A9D1-4A7B-9828-816B21DED485}.Debug|x86.Build.0 = Debug|Win32
		{6F83D939-A9D1-4A7B-9828-816B21DED485}.Release|x64.ActiveCfg = Release|x64
		{6F83D939-A9D1-4A7B-9828-816B21DED485}.Release|x64.Build.0 = Release|x64
		{6F83D939-A9D1-4A7B-9828-816B21DED485}.Release|x86.ActiveCfg = Release|Win32
		{6F83D939-A9D1-4A7B-9828-816B21DED485}.Release|x86.Build.0 = Release|Win32
		{67AE3BB1-6A87-45DC-B84F-FF9AAD36C2CC}.Debug|x64.ActiveCfg = Debug|x64
		{67AE3BB1-6A87-45DC-B84F-FF9AAD36C2CC}.Debug|x64.Build.0 = Debug|x64
		{67AE3BB1-6A87-45DC-B84F-FF9AAD36C2CC}.Debug|x86.ActiveCfg = Debug|Win32
		{67AE3BB1-6A87-45DC-B84F-FF9AAD36C2CC}.Debug|x86.Build.0 = Debug|Win32
		{67AE3BB1-6A87-45DC-B84F-FF9AAD36C2CC}.Release|x64.ActiveCfg = Release|x64
		{67AE3BB1-6A87-45DC-B84F-FF9AAD36C2CC}.Release|x64.Build.0 = Release|x64
		{67AE3BB1-6A87-45DC-B84F-FF9AAD36C2CC}.Release|x86.ActiveCfg = Release|Win32
		{67AE3BB1-6A87-45DC-B84F-FF9AAD36C2CC}.Release|x86.Build.0 = Release|Win32
	EndGlobalSection
	GlobalSection(SolutionProperties) = preSolution
		HideSolutionNode = FALSE
	EndGlobalSection
	GlobalSection(ExtensibilityGlobals) = postSolution
		SolutionGuid = {FEACA63E-BF8F-43A8-80BA-D86CA32858ED}
	EndGlobalSection
EndGlobal
